
Microsoft Visual Studio Solution File, Format Version 12.00
# Visual Studio 15
VisualStudioVersion = 15.0.28010.2003
MinimumVisualStudioVersion = 10.0.40219.1
Project("{9A19103F-16F7-4668-BE54-9A1E7A4F7556}") = "projectX2", "projectX2\projectX2.csproj", "{47CF7B7F-0A81-4A54-987C-EF899CA2E1BD}"
EndProject
Project("{9A19103F-16F7-4668-BE54-9A1E7A4F7556}") = "userServices", "userServices\userServices.csproj", "{3F733F44-74AE-4E33-814B-251F0FD17893}"
EndProject
Project("{9A19103F-16F7-4668-BE54-9A1E7A4F7556}") = "DAL", "DAL\DAL.csproj", "{3AF35DF2-C853-4B44-9B5F-E30EC7FBAED6}"
EndProject
Project("{FAE04EC0-301F-11D3-BF4B-00C04F79EFBC}") = "BLL", "BLL\BLL.csproj", "{1AD63ECE-7915-4725-B969-F6E34BA4991F}"
EndProject
Global
	GlobalSection(SolutionConfigurationPlatforms) = preSolution
		Debug|Any CPU = Debug|Any CPU
		Release|Any CPU = Release|Any CPU
	EndGlobalSection
	GlobalSection(ProjectConfigurationPlatforms) = postSolution
		{47CF7B7F-0A81-4A54-987C-EF899CA2E1BD}.Debug|Any CPU.ActiveCfg = Debug|Any CPU
		{47CF7B7F-0A81-4A54-987C-EF899CA2E1BD}.Debug|Any CPU.Build.0 = Debug|Any CPU
		{47CF7B7F-0A81-4A54-987C-EF899CA2E1BD}.Release|Any CPU.ActiveCfg = Release|Any CPU
		{47CF7B7F-0A81-4A54-987C-EF899CA2E1BD}.Release|Any CPU.Build.0 = Release|Any CPU
		{3F733F44-74AE-4E33-814B-251F0FD17893}.Debug|Any CPU.ActiveCfg = Debug|Any CPU
		{3F733F44-74AE-4E33-814B-251F0FD17893}.Debug|Any CPU.Build.0 = Debug|Any CPU
		{3F733F44-74AE-4E33-814B-251F0FD17893}.Release|Any CPU.ActiveCfg = Release|Any CPU
		{3F733F44-74AE-4E33-814B-251F0FD17893}.Release|Any CPU.Build.0 = Release|Any CPU
		{3AF35DF2-C853-4B44-9B5F-E30EC7FBAED6}.Debug|Any CPU.ActiveCfg = Debug|Any CPU
		{3AF35DF2-C853-4B44-9B5F-E30EC7FBAED6}.Debug|Any CPU.Build.0 = Debug|Any CPU
		{3AF35DF2-C853-4B44-9B5F-E30EC7FBAED6}.Release|Any CPU.ActiveCfg = Release|Any CPU
		{3AF35DF2-C853-4B44-9B5F-E30EC7FBAED6}.Release|Any CPU.Build.0 = Release|Any CPU
		{1AD63ECE-7915-4725-B969-F6E34BA4991F}.Debug|Any CPU.ActiveCfg = Debug|Any CPU
		{1AD63ECE-7915-4725-B969-F6E34BA4991F}.Debug|Any CPU.Build.0 = Debug|Any CPU
		{1AD63ECE-7915-4725-B969-F6E34BA4991F}.Release|Any CPU.ActiveCfg = Release|Any CPU
		{1AD63ECE-7915-4725-B969-F6E34BA4991F}.Release|Any CPU.Build.0 = Release|Any CPU
	EndGlobalSection
	GlobalSection(SolutionProperties) = preSolution
		HideSolutionNode = FALSE
	EndGlobalSection
	GlobalSection(ExtensibilityGlobals) = postSolution
		SolutionGuid = {55664D00-0AD6-4193-AD4F-ADACE34DD388}
	EndGlobalSection
EndGlobal
